
Microsoft Visual Studio Solution File, Format Version 12.00
# Visual Studio Version 16
VisualStudioVersion = 16.0.31515.178
MinimumVisualStudioVersion = 10.0.40219.1
Project("{FAE04EC0-301F-11D3-BF4B-00C04F79EFBC}") = "SnakeGame", "SnakeGame\SnakeGame.csproj", "{4C720D70-B91F-43A7-9C4B-566561E58767}"
EndProject
Global
	GlobalSection(SolutionConfigurationPlatforms) = preSolution
		Debug|Any CPU = Debug|Any CPU
		Release|Any CPU = Release|Any CPU
	EndGlobalSection
	GlobalSection(ProjectConfigurationPlatforms) = postSolution
		{4C720D70-B91F-43A7-9C4B-566561E58767}.Debug|Any CPU.ActiveCfg = Debug|Any CPU
		{4C720D70-B91F-43A7-9C4B-566561E58767}.Debug|Any CPU.Build.0 = Debug|Any CPU
		{4C720D70-B91F-43A7-9C4B-566561E58767}.Release|Any CPU.ActiveCfg = Release|Any CPU
		{4C720D70-B91F-43A7-9C4B-566561E58767}.Release|Any CPU.Build.0 = Release|Any CPU
	EndGlobalSection
	GlobalSection(SolutionProperties) = preSolution
		HideSolutionNode = FALSE
	EndGlobalSection
	GlobalSection(ExtensibilityGlobals) = postSolution
		SolutionGuid = {71EA5A2F-B330-4E97-B9AE-3A61C00A887C}
	EndGlobalSection
EndGlobal
